
Microsoft Visual Studio Solution File, Format Version 12.00
# Visual Studio Version 16
VisualStudioVersion = 16.0.29519.87
MinimumVisualStudioVersion = 10.0.40219.1
Project("{8BC9CEB8-8B4A-11D0-8D11-00A0C91BC942}") = "filesystemOS", "filesystemOS\filesystemOS.vcxproj", "{AE47E356-ED61-4B4F-86CC-76BA17A1CE9E}"
EndProject
Global
	GlobalSection(SolutionConfigurationPlatforms) = preSolution
		Debug|x64 = Debug|x64
		Debug|x86 = Debug|x86
		Release|x64 = Release|x64
		Release|x86 = Release|x86
	EndGlobalSection
	GlobalSection(ProjectConfigurationPlatforms) = postSolution
		{AE47E356-ED61-4B4F-86CC-76BA17A1CE9E}.Debug|x64.ActiveCfg = Debug|x64
		{AE47E356-ED61-4B4F-86CC-76BA17A1CE9E}.Debug|x64.Build.0 = Debug|x64
		{AE47E356-ED61-4B4F-86CC-76BA17A1CE9E}.Debug|x86.ActiveCfg = Debug|Win32
		{AE47E356-ED61-4B4F-86CC-76BA17A1CE9E}.Debug|x86.Build.0 = Debug|Win32
		{AE47E356-ED61-4B4F-86CC-76BA17A1CE9E}.Release|x64.ActiveCfg = Release|x64
		{AE47E356-ED61-4B4F-86CC-76BA17A1CE9E}.Release|x64.Build.0 = Release|x64
		{AE47E356-ED61-4B4F-86CC-76BA17A1CE9E}.Release|x86.ActiveCfg = Release|Win32
		{AE47E356-ED61-4B4F-86CC-76BA17A1CE9E}.Release|x86.Build.0 = Release|Win32
	EndGlobalSection
	GlobalSection(SolutionProperties) = preSolution
		HideSolutionNode = FALSE
	EndGlobalSection
	GlobalSection(ExtensibilityGlobals) = postSolution
		SolutionGuid = {9FB8C879-530D-4219-9A76-DEBE425AD429}
	EndGlobalSection
EndGlobal
